# This file is automatically generated by Cargo.
# It is not intended for manual editing.
version = 3

[[package]]
name = "buildproj-bench"
version = "1.0.0"
dependencies = ["criterion"]

[[package]]
name = "criterion"
version = "0.5.1"
source = "registry+https://github.com/rust-lang/crates.io-index"
checksum = "f2b12d017a929603d80db1831cd3a24082f8137ce19c69e6447f54f5fc8d692f"
